{
  "name": "burd-view-presenrations",
  "version": "0.0.1",
  "lockfileVersion": 1,
  "requires": true,
  "dependencies": {
    "dat.gui": {
      "version": "0.7.6"
    },
    "file-saver": {
      "version": "2.0.2"
    },
    "prettier": {
      "version": "1.19.1",
      "resolved": "https://registry.npmjs.org/prettier/-/prettier-1.19.1.tgz",
      "integrity": "sha512-s7PoyDv/II1ObgQunCbB9PdLmUcBZcnWOcxDh7O0N/UwDEsHyqkW+Qh28jW+mVuCdx7gLB0BotYI1Y6uI9iyew==",
      "dev": true
    },
    "sax": {
      "version": "1.2.4",
      "resolved": "https://registry.npmjs.org/sax/-/sax-1.2.4.tgz",
      "integrity": "sha512-NqVDv9TpANUjFm0N8uM5GxL36UgKi9/atZw+x7YFnQ8ckwFGKrl4xX4yWtrey3UJm5nP1kUbnYgLopqWNSRhWw=="
    },
    "stats.js": {
      "version": "0.17.0"
    },
    "ste-core": {
      "version": "1.6.3",
      "resolved": "https://registry.npmjs.org/ste-core/-/ste-core-1.6.3.tgz",
      "integrity": "sha512-BeMlXM4qBRHdEvkHZbP5RrdR3F6ScMjXDQ1gAeZABm/luGA5kPQROA5KMJEAmRiurIck2FAJRy73qZYlcoKe8Q=="
    },
    "ste-events": {
      "version": "1.6.3",
      "resolved": "https://registry.npmjs.org/ste-events/-/ste-events-1.6.3.tgz",
      "integrity": "sha512-P8nORGBMVAHL6gifkmqZILwv3L7YJqDilvDJoYx1L0q0PBT1kS3kPAPWQTiBg83UsQkSfMG2M4SWnWa8sW1BAg==",
      "requires": {
        "ste-core": "^1.6.2"
      }
    },
    "ste-signals": {
      "version": "1.6.3",
      "resolved": "https://registry.npmjs.org/ste-signals/-/ste-signals-1.6.3.tgz",
      "integrity": "sha512-qY+51Y+NrnLrTZl/NE2hknhTU9sckcuVnO95pujgZP1uQiCib87ikdpgfku2sacp5Ap2jpWqdS5GLWpOIMBWGg==",
      "requires": {
        "ste-core": "^1.6.2"
      }
    },
    "ste-simple-events": {
      "version": "1.6.3",
      "resolved": "https://registry.npmjs.org/ste-simple-events/-/ste-simple-events-1.6.3.tgz",
      "integrity": "sha512-2NCDITjBTnDFdwvmODHc97QZsIc1aZc83jC0u2+PBjpjdcXegb3weTz9izqwXkSke3XCKvtqag9eiqO5+By/Kw==",
      "requires": {
        "ste-core": "^1.6.2"
      }
    },
    "strongly-typed-events": {
      "version": "1.6.3",
      "requires": {
        "ste-core": "^1.6.2",
        "ste-events": "^1.6.2",
        "ste-signals": "^1.6.2",
        "ste-simple-events": "^1.6.2"
      }
    },
    "xml-js": {
      "version": "1.6.11",
      "requires": {
        "sax": "^1.2.4"
      }
    }
  }
}
